{
  "name": "allure-rstest",
  "version": "0.0.1",
  "lockfileVersion": 3,
  "requires": true,
  "packages": {
    "": {
      "name": "allure-rstest",
      "version": "0.0.1",
      "dependencies": {
        "allure-js-commons": "^3.12.1"
      },
      "devDependencies": {
        "@rslib/core": "^1.0.0",
        "@rslint/core": "^0.8.0",
        "@rstest/adapter-rslib": "^0.11.10",
        "@rstest/core": "^0.11.10",
        "@types/node": "^24.13.3",
        "prettier": "^3.9.6",
        "typescript": "^6.0.3"
      },
      "engines": {
        "node": "^20.19.0 || >=22.12.0"
      }
    },
    "node_modules/@ast-grep/napi": {
      "version": "0.45.2",
      "resolved": "https://registry.npmjs.org/@ast-grep/napi/-/napi-0.45.2.tgz",
      "integrity": "sha512-hBA5c7JV6OM7zFWoLjUNZhsDpxEIEIeew5S3z1giwK5tPQqobuFfM2OhS45bN3E0+yQtgCX/o8/AEHKbGD3ykg==",
      "dev": true,
      "license": "MIT",
      "engines": {
        "node": ">= 10"
      },
      "optionalDependencies": {
        "@ast-grep/napi-darwin-arm64": "0.45.2",
        "@ast-grep/napi-darwin-x64": "0.45.2",
        "@ast-grep/napi-linux-arm64-gnu": "0.45.2",
        "@ast-grep/napi-linux-arm64-musl": "0.45.2",
        "@ast-grep/napi-linux-x64-gnu": "0.45.2",
        "@ast-grep/napi-linux-x64-musl": "0.45.2",
        "@ast-grep/napi-win32-arm64-msvc": "0.45.2",
        "@ast-grep/napi-win32-ia32-msvc": "0.45.2",
        "@ast-grep/napi-win32-x64-msvc": "0.45.2"
      }
    },
    "node_modules/@ast-grep/napi-darwin-arm64": {
      "version": "0.45.2",
      "resolved": "https://registry.npmjs.org/@ast-grep/napi-darwin-arm64/-/napi-darwin-arm64-0.45.2.tgz",
      "integrity": "sha512-29+sfXTJ7xxqgTuWAHA89gDAQIiJyAZ1ZiHoupjKIqyn0mhXrktO1WOghlDzyYs++hITEPOeXftxy48Y0tDGDQ==",
      "cpu": [
        "arm64"
      ],
      "dev": true,
      "license": "MIT",
      "optional": true,
      "os": [
        "darwin"
      ],
      "engines": {
        "node": ">= 10"
      }
    },
    "node_modules/@ast-grep/napi-darwin-x64": {
      "version": "0.45.2",
      "resolved": "https://registry.npmjs.org/@ast-grep/napi-darwin-x64/-/napi-darwin-x64-0.45.2.tgz",
      "integrity": "sha512-PUjh7Zf4dKNzYLOYhX5wU6O4BgRPdJnD9zkS1n+/5SeK0U1L5YL486RjNgFt9Xyff0PGtP/wDeoHMF5PhKEwsw==",
      "cpu": [
        "x64"
      ],
      "dev": true,
      "license": "MIT",
      "optional": true,
      "os": [
        "darwin"
      ],
      "engines": {
        "node": ">= 10"
      }
    },
    "node_modules/@ast-grep/napi-linux-arm64-gnu": {
      "version": "0.45.2",
      "resolved": "https://registry.npmjs.org/@ast-grep/napi-linux-arm64-gnu/-/napi-linux-arm64-gnu-0.45.2.tgz",
      "integrity": "sha512-bnGKLLHWO13pjPChOFq7Ifqj3HJdOAxMQAGDCUC2JSJhO2YL8/xBZrpN0cHIWNuoUNSAXjCtr5AsCnPz/3jlFg==",
      "cpu": [
        "arm64"
      ],
      "dev": true,
      "libc": [
        "glibc"
      ],
      "license": "MIT",
      "optional": true,
      "os": [
        "linux"
      ],
      "engines": {
        "node": ">= 10"
      }
    },
    "node_modules/@ast-grep/napi-linux-arm64-musl": {
      "version": "0.45.2",
      "resolved": "https://registry.npmjs.org/@ast-grep/napi-linux-arm64-musl/-/napi-linux-arm64-musl-0.45.2.tgz",
      "integrity": "sha512-FXVb4/V55THjhKxi5zWVrAO8JQj+/DiYP7JLsqenkm5V3UNuC8p2opGOyQpUvNpvcqJiZA9Hl+Onj/yfwSVr/A==",
      "cpu": [
        "arm64"
      ],
      "dev": true,
      "libc": [
        "musl"
      ],
      "license": "MIT",
      "optional": true,
      "os": [
        "linux"
      ],
      "engines": {
        "node": ">= 10"
      }
    },
    "node_modules/@ast-grep/napi-linux-x64-gnu": {
      "version": "0.45.2",
      "resolved": "https://registry.npmjs.org/@ast-grep/napi-linux-x64-gnu/-/napi-linux-x64-gnu-0.45.2.tgz",
      "integrity": "sha512-mtEIPLV9MW2PBswFcp3ydM4T5Ub73s89SRd0QMT2+DfA9XBLCLhnC+r/Yt4eRgnf8FyNx49bFTPxXvFKscr9hw==",
      "cpu": [
        "x64"
      ],
      "dev": true,
      "libc": [
        "glibc"
      ],
      "license": "MIT",
      "optional": true,
      "os": [
        "linux"
      ],
      "engines": {
        "node": ">= 10"
      }
    },
    "node_modules/@ast-grep/napi-linux-x64-musl": {
      "version": "0.45.2",
      "resolved": "https://registry.npmjs.org/@ast-grep/napi-linux-x64-musl/-/napi-linux-x64-musl-0.45.2.tgz",
      "integrity": "sha512-WLLHxDmuXkb/e3mz/xDCrB2dZPzv1ntsepuRTtpaIGczxnQTgFSzX/CXPD0e1MfsU/QL1AiXxxni8w+NGy/ZpQ==",
      "cpu": [
        "x64"
      ],
      "dev": true,
      "libc": [
        "musl"
      ],
      "license": "MIT",
      "optional": true,
      "os": [
        "linux"
      ],
      "engines": {
        "node": ">= 10"
      }
    },
    "node_modules/@ast-grep/napi-win32-arm64-msvc": {
      "version": "0.45.2",
      "resolved": "https://registry.npmjs.org/@ast-grep/napi-win32-arm64-msvc/-/napi-win32-arm64-msvc-0.45.2.tgz",
      "integrity": "sha512-04iOFaMzD2nf8CKw3nURWN42900wqPtUTQaMo1I2KRk3qbgtHSJjJoVJGAWUXkCq4LhPg3Xlk1s+ssWf4rNm2A==",
      "cpu": [
        "arm64"
      ],
      "dev": true,
      "license": "MIT",
      "optional": true,
      "os": [
        "win32"
      ],
      "engines": {
        "node": ">= 10"
      }
    },
    "node_modules/@ast-grep/napi-win32-ia32-msvc": {
      "version": "0.45.2",
      "resolved": "https://registry.npmjs.org/@ast-grep/napi-win32-ia32-msvc/-/napi-win32-ia32-msvc-0.45.2.tgz",
      "integrity": "sha512-tE3y0RQcajocKwpYLbgHKd4lzGGAx1wGMA0bGPsWdoFK8VSob6ZDuYdSlSdnaRs8jAc4F3axToNRKn15p+0/Dg==",
      "cpu": [
        "ia32"
      ],
      "dev": true,
      "license": "MIT",
      "optional": true,
      "os": [
        "win32"
      ],
      "engines": {
        "node": ">= 10"
      }
    },
    "node_modules/@ast-grep/napi-win32-x64-msvc": {
      "version": "0.45.2",
      "resolved": "https://registry.npmjs.org/@ast-grep/napi-win32-x64-msvc/-/napi-win32-x64-msvc-0.45.2.tgz",
      "integrity": "sha512-o8Z5Z42TAJe0fPnb11rrjtte58wlw/MuR4KpVMHl8IhJLBBR7gHR0E8wfMz88TxzsQz0U2KYev0k0a2fV4i0sQ==",
      "cpu": [
        "x64"
      ],
      "dev": true,
      "license": "MIT",
      "optional": true,
      "os": [
        "win32"
      ],
      "engines": {
        "node": ">= 10"
      }
    },
    "node_modules/@emnapi/core": {
      "version": "1.11.3",
      "resolved": "https://registry.npmjs.org/@emnapi/core/-/core-1.11.3.tgz",
      "integrity": "sha512-zLpS5asjEb7lq8jYLq37N6XKaE41DIexlY1rF/z4/tIl3wo13Sqm28fRyfIsKZD+NZ8mM5RoKkpW/rBcuoSZSg==",
      "dev": true,
      "license": "MIT",
      "optional": true,
      "dependencies": {
        "@emnapi/wasi-threads": "1.2.3",
        "tslib": "^2.4.0"
      }
    },
    "node_modules/@emnapi/runtime": {
      "version": "1.11.3",
      "resolved": "https://registry.npmjs.org/@emnapi/runtime/-/runtime-1.11.3.tgz",
      "integrity": "sha512-Xz4Tpyki7XyrpbUK1jR1AhdAdaXyhhY4lZ3neLodmhpuWfy2PAQN5B46sAiU4liOXGLkHypn/qU+jvfWSCYYLA==",
      "dev": true,
      "license": "MIT",
      "optional": true,
      "dependencies": {
        "tslib": "^2.4.0"
      }
    },
    "node_modules/@emnapi/wasi-threads": {
      "version": "1.2.3",
      "resolved": "https://registry.npmjs.org/@emnapi/wasi-threads/-/wasi-threads-1.2.3.tgz",
      "integrity": "sha512-ELEBe8PsLvvJ6QMr0zLt8ffvOHW/dc1m3CEzNMg7aJUv3bMaoDtw2TXyDAwkYBuroxxuHEwhRTLJSe5sya547g==",
      "dev": true,
      "license": "MIT",
      "optional": true,
      "dependencies": {
        "tslib": "^2.4.0"
      }
    },
    "node_modules/@napi-rs/wasm-runtime": {
      "version": "1.1.6",
      "resolved": "https://registry.npmjs.org/@napi-rs/wasm-runtime/-/wasm-runtime-1.1.6.tgz",
      "integrity": "sha512-ZLv/JdUfkvOy9eCnnBaGfiO+XimbjebAeO+MRQqD/B+FR1tnRN0tpKSJHRbE8sFfS6aqsXZ67TQjfwfsxULVbg==",
      "dev": true,
      "license": "MIT",
      "optional": true,
      "dependencies": {
        "@tybys/wasm-util": "^0.10.3"
      },
      "funding": {
        "type": "github",
        "url": "https://github.com/sponsors/Brooooooklyn"
      },
      "peerDependencies": {
        "@emnapi/core": "^1.7.1",
        "@emnapi/runtime": "^1.7.1"
      }
    },
    "node_modules/@rsbuild/core": {
      "version": "2.2.5",
      "resolved": "https://registry.npmjs.org/@rsbuild/core/-/core-2.2.5.tgz",
      "integrity": "sha512-nf34ri1iZduYhHUr5Vc79L7Eml+IlN0nFIaF/g3OW4WR/gShxuf5wVXS69/H8FTHJYN4SdYlNcefSZQluEMKgA==",
      "dev": true,
      "license": "MIT",
      "dependencies": {
        "@rspack/core": "~2.2.3",
        "@swc/helpers": "^0.5.23"
      },
      "bin": {
        "rsbuild": "bin/rsbuild.js"
      },
      "engines": {
        "node": "^20.19.0 || >=22.12.0"
      },
      "peerDependencies": {
        "core-js": ">= 3.0.0"
      },
      "peerDependenciesMeta": {
        "core-js": {
          "optional": true
        }
      }
    },
    "node_modules/@rslib/core": {
      "version": "1.0.0",
      "resolved": "https://registry.npmjs.org/@rslib/core/-/core-1.0.0.tgz",
      "integrity": "sha512-eZNXCWU1v5oti4+DKCunc76DkNnYqMgRtks9UyZRRFlmaK4pKAxhejeCUS+XkbMurGIAa+aDyVynQD7DXEgK1w==",
      "dev": true,
      "license": "MIT",
      "dependencies": {
        "@rsbuild/core": "~2.2.2",
        "rsbuild-plugin-dts": "1.0.0"
      },
      "bin": {
        "rslib": "bin/rslib.js"
      },
      "engines": {
        "node": "^20.19.0 || >=22.12.0"
      },
      "peerDependencies": {
        "@microsoft/api-extractor": "^7",
        "typescript": "^5 || ^6 || ^7"
      },
      "peerDependenciesMeta": {
        "@microsoft/api-extractor": {
          "optional": true
        },
        "typescript": {
          "optional": true
        }
      }
    },
    "node_modules/@rslint/core": {
      "version": "0.8.2",
      "resolved": "https://registry.npmjs.org/@rslint/core/-/core-0.8.2.tgz",
      "integrity": "sha512-O7c9hg5Soo1MOta0Aj+3Td2Bjd6ZZUV+lLPWJvVRNqaZEzl2FKmkS9xuT9o4jHXTXhTvlxGuyyaJUUlEpW57Cw==",
      "dev": true,
      "license": "MIT",
      "dependencies": {
        "picomatch": "^4.0.5"
      },
      "bin": {
        "rslint": "bin/rslint.js"
      },
      "optionalDependencies": {
        "@rslint/native-darwin-arm64": "0.8.2",
        "@rslint/native-darwin-x64": "0.8.2",
        "@rslint/native-linux-arm64-gnu": "0.8.2",
        "@rslint/native-linux-arm64-musl": "0.8.2",
        "@rslint/native-linux-x64-gnu": "0.8.2",
        "@rslint/native-linux-x64-musl": "0.8.2",
        "@rslint/native-win32-arm64-msvc": "0.8.2",
        "@rslint/native-win32-x64-msvc": "0.8.2"
      },
      "peerDependencies": {
        "jiti": "^2.7.0"
      },
      "peerDependenciesMeta": {
        "jiti": {
          "optional": true
        }
      }
    },
    "node_modules/@rslint/native-darwin-arm64": {
      "version": "0.8.2",
      "resolved": "https://registry.npmjs.org/@rslint/native-darwin-arm64/-/native-darwin-arm64-0.8.2.tgz",
      "integrity": "sha512-SdGy7Mh8a53VQiMbQQ+pvtaivwUCeBdYP0QeORZfUWqcqqaTdfTQnaCm/7BG9NRIjAwSZcwooJnklZwqky2gGA==",
      "cpu": [
        "arm64"
      ],
      "dev": true,
      "license": "MIT",
      "optional": true,
      "os": [
        "darwin"
      ]
    },
    "node_modules/@rslint/native-darwin-x64": {
      "version": "0.8.2",
      "resolved": "https://registry.npmjs.org/@rslint/native-darwin-x64/-/native-darwin-x64-0.8.2.tgz",
      "integrity": "sha512-Yp8+zNxhkO92QpNFTcJLYPU/Q02QC0GIR9BRn2DdMHtVattFctZKXujWprLFNafh7Di/5fitebNKeqck2+pxoQ==",
      "cpu": [
        "x64"
      ],
      "dev": true,
      "license": "MIT",
      "optional": true,
      "os": [
        "darwin"
      ]
    },
    "node_modules/@rslint/native-linux-arm64-gnu": {
      "version": "0.8.2",
      "resolved": "https://registry.npmjs.org/@rslint/native-linux-arm64-gnu/-/native-linux-arm64-gnu-0.8.2.tgz",
      "integrity": "sha512-LUp+w/bDgyyEpuDDp8fO18JsdyZndF5pRSeOnxPs1Ms6cUI3JRUJ/al7RMUQEzfMuNHPSrmEnFZW1nAjLOubdA==",
      "cpu": [
        "arm64"
      ],
      "dev": true,
      "libc": [
        "glibc"
      ],
      "license": "MIT",
      "optional": true,
      "os": [
        "linux"
      ]
    },
    "node_modules/@rslint/native-linux-arm64-musl": {
      "version": "0.8.2",
      "resolved": "https://registry.npmjs.org/@rslint/native-linux-arm64-musl/-/native-linux-arm64-musl-0.8.2.tgz",
      "integrity": "sha512-dDPAy1+EsXT6kKVy2qgzCJSBCZ+ry2LVLbo5eLX1kueTB6uGQATnKVKhS0SiSkdqC9clxiviBRs/XBivbc4uVQ==",
      "cpu": [
        "arm64"
      ],
      "dev": true,
      "libc": [
        "musl"
      ],
      "license": "MIT",
      "optional": true,
      "os": [
        "linux"
      ]
    },
    "node_modules/@rslint/native-linux-x64-gnu": {
      "version": "0.8.2",
      "resolved": "https://registry.npmjs.org/@rslint/native-linux-x64-gnu/-/native-linux-x64-gnu-0.8.2.tgz",
      "integrity": "sha512-n5TOiNTQGpfAjw7LScEdxYv41CaNpF2ff/6GVUuUBlA/GJr3pWApZUR3lP+RQmM/Ov2i+2Yfn2KrP+fIT1we5A==",
      "cpu": [
        "x64"
      ],
      "dev": true,
      "libc": [
        "glibc"
      ],
      "license": "MIT",
      "optional": true,
      "os": [
        "linux"
      ]
    },
    "node_modules/@rslint/native-linux-x64-musl": {
      "version": "0.8.2",
      "resolved": "https://registry.npmjs.org/@rslint/native-linux-x64-musl/-/native-linux-x64-musl-0.8.2.tgz",
      "integrity": "sha512-kP1uGWoHgtJuRcfMRqbu22tpMNkH2MIDQfQFu0O37PZQYh9uc0/yQzS6c5ILPKqr0PnBu4uljHa+I6a34kZ+Mw==",
      "cpu": [
        "x64"
      ],
      "dev": true,
      "libc": [
        "musl"
      ],
      "license": "MIT",
      "optional": true,
      "os": [
        "linux"
      ]
    },
    "node_modules/@rslint/native-win32-arm64-msvc": {
      "version": "0.8.2",
      "resolved": "https://registry.npmjs.org/@rslint/native-win32-arm64-msvc/-/native-win32-arm64-msvc-0.8.2.tgz",
      "integrity": "sha512-FYeEm0xa/vmgEHduoDrHj4k4oRBuX8xCS3JNgJALuqwUqPsh9h/pLmV+11M4X3aoiMWvqADfG4mZ0hbf79uzSQ==",
      "cpu": [
        "arm64"
      ],
      "dev": true,
      "license": "MIT",
      "optional": true,
      "os": [
        "win32"
      ]
    },
    "node_modules/@rslint/native-win32-x64-msvc": {
      "version": "0.8.2",
      "resolved": "https://registry.npmjs.org/@rslint/native-win32-x64-msvc/-/native-win32-x64-msvc-0.8.2.tgz",
      "integrity": "sha512-AyJTA/pMW7o1fXZ8oS6xwrQ89BdQwAuwCgVUB3tRUHYFNqbmjjjQAEqXz9xKSKbZlaENSRuDDptu0gq5VWPGmQ==",
      "cpu": [
        "x64"
      ],
      "dev": true,
      "license": "MIT",
      "optional": true,
      "os": [
        "win32"
      ]
    },
    "node_modules/@rspack/binding": {
      "version": "2.2.3",
      "resolved": "https://registry.npmjs.org/@rspack/binding/-/binding-2.2.3.tgz",
      "integrity": "sha512-532+T5N6yIdukChiL85H4NFN2vn9oi8wlLa1ByPNtpNYriE9s24fUhn0RiK7w/xACqnNpYmXCqLYCvjOzyCy+w==",
      "dev": true,
      "license": "MIT",
      "optionalDependencies": {
        "@rspack/binding-darwin-arm64": "2.2.3",
        "@rspack/binding-darwin-x64": "2.2.3",
        "@rspack/binding-linux-arm64-gnu": "2.2.3",
        "@rspack/binding-linux-arm64-musl": "2.2.3",
        "@rspack/binding-linux-ppc64-gnu": "2.2.3",
        "@rspack/binding-linux-riscv64-gnu": "2.2.3",
        "@rspack/binding-linux-riscv64-musl": "2.2.3",
        "@rspack/binding-linux-s390x-gnu": "2.2.3",
        "@rspack/binding-linux-x64-gnu": "2.2.3",
        "@rspack/binding-linux-x64-musl": "2.2.3",
        "@rspack/binding-wasm32-wasi": "2.2.3",
        "@rspack/binding-win32-arm64-msvc": "2.2.3",
        "@rspack/binding-win32-ia32-msvc": "2.2.3",
        "@rspack/binding-win32-x64-msvc": "2.2.3"
      }
    },
    "node_modules/@rspack/binding-darwin-arm64": {
      "version": "2.2.3",
      "resolved": "https://registry.npmjs.org/@rspack/binding-darwin-arm64/-/binding-darwin-arm64-2.2.3.tgz",
      "integrity": "sha512-MGLx4lMTY6XEtJi55S+fk83+683GeUDuoqzjixbq6ehHdr/l6nGiHhgvMtV5DYt9sCytUDzyrCkcJ0AWqJxnTA==",
      "cpu": [
        "arm64"
      ],
      "dev": true,
      "license": "MIT",
      "optional": true,
      "os": [
        "darwin"
      ]
    },
    "node_modules/@rspack/binding-darwin-x64": {
      "version": "2.2.3",
      "resolved": "https://registry.npmjs.org/@rspack/binding-darwin-x64/-/binding-darwin-x64-2.2.3.tgz",
      "integrity": "sha512-5B/c1YTYEz9m7TyqtGQgTmXMr9PoPewyqsyHB4N0AB7nxDhtgmki0GniP2Lqtx3LJzOvQMjwet+I2lmWxvxwCg==",
      "cpu": [
        "x64"
      ],
      "dev": true,
      "license": "MIT",
      "optional": true,
      "os": [
        "darwin"
      ]
    },
    "node_modules/@rspack/binding-linux-arm64-gnu": {
      "version": "2.2.3",
      "resolved": "https://registry.npmjs.org/@rspack/binding-linux-arm64-gnu/-/binding-linux-arm64-gnu-2.2.3.tgz",
      "integrity": "sha512-sU+jPGD2xz3BxFvsdBQVGce538YHqrSKMB4ZSfKhj6RSKjeGzpJ1BVl8+IndiQsfTgaUxi7N+r5cs/ezGy1TVQ==",
      "cpu": [
        "arm64"
      ],
      "dev": true,
      "libc": [
        "glibc"
      ],
      "license": "MIT",
      "optional": true,
      "os": [
        "linux"
      ]
    },
    "node_modules/@rspack/binding-linux-arm64-musl": {
      "version": "2.2.3",
      "resolved": "https://registry.npmjs.org/@rspack/binding-linux-arm64-musl/-/binding-linux-arm64-musl-2.2.3.tgz",
      "integrity": "sha512-EQuADbqWbVgNAh5ep/u/B7Z/8UUkZjMLzHAOKZJklBpe4Y8mnhFNjieX0xc9NadR+drj9tqmEANxzTOkFtVPyQ==",
      "cpu": [
        "arm64"
      ],
      "dev": true,
      "libc": [
        "musl"
      ],
      "license": "MIT",
      "optional": true,
      "os": [
        "linux"
      ]
    },
    "node_modules/@rspack/binding-linux-ppc64-gnu": {
      "version": "2.2.3",
      "resolved": "https://registry.npmjs.org/@rspack/binding-linux-ppc64-gnu/-/binding-linux-ppc64-gnu-2.2.3.tgz",
      "integrity": "sha512-kyXROzr519a5juBII9ysuc5ZD2apEZ0DJqL5PPCAOVHjzMfThEIBwnX3gicNCmp+kY0CCIOl2LagwbtFaOzoiA==",
      "cpu": [
        "ppc64"
      ],
      "dev": true,
      "libc": [
        "glibc"
      ],
      "license": "MIT",
      "optional": true,
      "os": [
        "linux"
      ]
    },
    "node_modules/@rspack/binding-linux-riscv64-gnu": {
      "version": "2.2.3",
      "resolved": "https://registry.npmjs.org/@rspack/binding-linux-riscv64-gnu/-/binding-linux-riscv64-gnu-2.2.3.tgz",
      "integrity": "sha512-F3x6Nu0RUSoLtiaMse3hYQ3Nf5A2de6vTWWDXj14Ll6BpGWXGn+U/eXT/nB199fFnDEYf+CJEa7d6fzcYdwdjA==",
      "cpu": [
        "riscv64"
      ],
      "dev": true,
      "libc": [
        "glibc"
      ],
      "license": "MIT",
      "optional": true,
      "os": [
        "linux"
      ]
    },
    "node_modules/@rspack/binding-linux-riscv64-musl": {
      "version": "2.2.3",
      "resolved": "https://registry.npmjs.org/@rspack/binding-linux-riscv64-musl/-/binding-linux-riscv64-musl-2.2.3.tgz",
      "integrity": "sha512-O3HK7OnPvoBxZu4MX2j+t3gk4qiUsFYqj/29L3WgU1iQsdUSIN6PInW2JvbiLqyuzt09VltIEXTKayY8EysCpQ==",
      "cpu": [
        "riscv64"
      ],
      "dev": true,
      "libc": [
        "musl"
      ],
      "license": "MIT",
      "optional": true,
      "os": [
        "linux"
      ]
    },
    "node_modules/@rspack/binding-linux-s390x-gnu": {
      "version": "2.2.3",
      "resolved": "https://registry.npmjs.org/@rspack/binding-linux-s390x-gnu/-/binding-linux-s390x-gnu-2.2.3.tgz",
      "integrity": "sha512-SIxfGdwBdAjwJ8pDlPTb8MPIZIv/i2lKHn4/ywuDpFOxlUA4Bo/OKqQOenHx2MFD2mN8jigBZQTF0KVe5YP1uQ==",
      "cpu": [
        "s390x"
      ],
      "dev": true,
      "libc": [
        "glibc"
      ],
      "license": "MIT",
      "optional": true,
      "os": [
        "linux"
      ]
    },
    "node_modules/@rspack/binding-linux-x64-gnu": {
      "version": "2.2.3",
      "resolved": "https://registry.npmjs.org/@rspack/binding-linux-x64-gnu/-/binding-linux-x64-gnu-2.2.3.tgz",
      "integrity": "sha512-IzQGcw09WYn/IzwB1SQpg7FQ211MBr+fJB2/WoRrPS6CNdtlkDHZaI8z2oq+2Oc5Su21jgX75VlWFajirUx5Dw==",
      "cpu": [
        "x64"
      ],
      "dev": true,
      "libc": [
        "glibc"
      ],
      "license": "MIT",
      "optional": true,
      "os": [
        "linux"
      ]
    },
    "node_modules/@rspack/binding-linux-x64-musl": {
      "version": "2.2.3",
      "resolved": "https://registry.npmjs.org/@rspack/binding-linux-x64-musl/-/binding-linux-x64-musl-2.2.3.tgz",
      "integrity": "sha512-9OKSx2ickrR+PFal94XE6Hkj49AQ2HI3KuR9XeRkKOwSxjwrskV/Pn1wc2itDOHkm/QHP7k+MttsYb4FGuNIqw==",
      "cpu": [
        "x64"
      ],
      "dev": true,
      "libc": [
        "musl"
      ],
      "license": "MIT",
      "optional": true,
      "os": [
        "linux"
      ]
    },
    "node_modules/@rspack/binding-wasm32-wasi": {
      "version": "2.2.3",
      "resolved": "https://registry.npmjs.org/@rspack/binding-wasm32-wasi/-/binding-wasm32-wasi-2.2.3.tgz",
      "integrity": "sha512-gici3jWJi0GDy9kbYh57LoA57H8A2EAD9cV2jFKp1YoJ2aX2U9lANh4L+xoKPTvVQYpRvleoA5jkAvyfeLQ5bw==",
      "cpu": [
        "wasm32"
      ],
      "dev": true,
      "license": "MIT",
      "optional": true,
      "dependencies": {
        "@emnapi/core": "1.11.3",
        "@emnapi/runtime": "1.11.3",
        "@napi-rs/wasm-runtime": "1.1.6"
      }
    },
    "node_modules/@rspack/binding-win32-arm64-msvc": {
      "version": "2.2.3",
      "resolved": "https://registry.npmjs.org/@rspack/binding-win32-arm64-msvc/-/binding-win32-arm64-msvc-2.2.3.tgz",
      "integrity": "sha512-1MG66kcuqAGFs9ewiBc+/NJSTQr1jHrkZ2nCVMyhukl1o8embmFZa3BCibYgBYs5P7FRc6Sa+CDXcrfDZOLInQ==",
      "cpu": [
        "arm64"
      ],
      "dev": true,
      "license": "MIT",
      "optional": true,
      "os": [
        "win32"
      ]
    },
    "node_modules/@rspack/binding-win32-ia32-msvc": {
      "version": "2.2.3",
      "resolved": "https://registry.npmjs.org/@rspack/binding-win32-ia32-msvc/-/binding-win32-ia32-msvc-2.2.3.tgz",
      "integrity": "sha512-CAigxxh9DYJmEwH9f6FRkSsmt0GhKVqKaFRVFFrF9WDL7gXP3hyE/h/cCeMdmlTzRt8Mht87AvnDX7PG3neMrA==",
      "cpu": [
        "ia32"
      ],
      "dev": true,
      "license": "MIT",
      "optional": true,
      "os": [
        "win32"
      ]
    },
    "node_modules/@rspack/binding-win32-x64-msvc": {
      "version": "2.2.3",
      "resolved": "https://registry.npmjs.org/@rspack/binding-win32-x64-msvc/-/binding-win32-x64-msvc-2.2.3.tgz",
      "integrity": "sha512-qa5Wc34a+Uux5foZ1Z+9fPQceVRbgTunaIulHezVF/ZxvqKO4DkAC7tFl53shB0YRVBAPg8R78MGd8cByfoxLQ==",
      "cpu": [
        "x64"
      ],
      "dev": true,
      "license": "MIT",
      "optional": true,
      "os": [
        "win32"
      ]
    },
    "node_modules/@rspack/core": {
      "version": "2.2.3",
      "resolved": "https://registry.npmjs.org/@rspack/core/-/core-2.2.3.tgz",
      "integrity": "sha512-VHejw+PDd5B5v6VduFyjLSTIFaHBMNGPMKw+Y0zjkMqjYhDD1hjLOBC5frRKjTWcfYdk+Q73auWPp9k/H9PfIQ==",
      "dev": true,
      "license": "MIT",
      "dependencies": {
        "@rspack/binding": "2.2.3"
      },
      "engines": {
        "node": "^20.19.0 || >=22.12.0"
      },
      "peerDependencies": {
        "@module-federation/runtime-tools": "^0.24.1 || ^2.0.0",
        "@swc/helpers": "^0.5.23"
      },
      "peerDependenciesMeta": {
        "@module-federation/runtime-tools": {
          "optional": true
        },
        "@swc/helpers": {
          "optional": true
        }
      }
    },
    "node_modules/@rstest/adapter-rslib": {
      "version": "0.11.12",
      "resolved": "https://registry.npmjs.org/@rstest/adapter-rslib/-/adapter-rslib-0.11.12.tgz",
      "integrity": "sha512-YIJ+4uTmTYCPWtsoePZ9nTsA9j0OVa24sM0nvwWig4inhKJi50Aa7+yd//N9CtQ0Gc608BJ5S5fo9w/DfCSWYA==",
      "dev": true,
      "license": "MIT",
      "peerDependencies": {
        "@rslib/core": ">=0.18.6 || ^1.0.0-0",
        "@rstest/core": "^0.11.0",
        "typescript": "^5.0.0 || ^6.0.0 || ^7.0.0"
      },
      "peerDependenciesMeta": {
        "typescript": {
          "optional": true
        }
      }
    },
    "node_modules/@rstest/core": {
      "version": "0.11.12",
      "resolved": "https://registry.npmjs.org/@rstest/core/-/core-0.11.12.tgz",
      "integrity": "sha512-dklEYLtL1eip/11K+o3xEchEs2nCGua2u2W8Pycf6PS8TE0PDJH2Bn9y/txuQI4YVHyIQ88PISWtS6fVnxSyXQ==",
      "dev": true,
      "license": "MIT",
      "dependencies": {
        "@rsbuild/core": "~2.2.2",
        "@types/chai": "^5.2.3"
      },
      "bin": {
        "rstest": "bin/rstest.js"
      },
      "engines": {
        "node": "^20.19.0 || >=22.12.0"
      },
      "peerDependencies": {
        "happy-dom": "^20.8.3",
        "jsdom": ">=15.0.0"
      },
      "peerDependenciesMeta": {
        "happy-dom": {
          "optional": true
        },
        "jsdom": {
          "optional": true
        }
      }
    },
    "node_modules/@swc/helpers": {
      "version": "0.5.23",
      "resolved": "https://registry.npmjs.org/@swc/helpers/-/helpers-0.5.23.tgz",
      "integrity": "sha512-5lSsMOTXURePglDfvuAQUqkGek9Hg2kksOYay2m0+XR++b2NWYL/4sWyuvVBIs8oKnJaxkdi9whaL/sqN13afw==",
      "dev": true,
      "license": "Apache-2.0",
      "dependencies": {
        "tslib": "^2.8.0"
      }
    },
    "node_modules/@tybys/wasm-util": {
      "version": "0.10.4",
      "resolved": "https://registry.npmjs.org/@tybys/wasm-util/-/wasm-util-0.10.4.tgz",
      "integrity": "sha512-W3c4gRigFS0T/Ma4qIYF3GDAc5AQdHb1yL5znJT1Zv1YaD9Kitx656wBjvr19qbiosmZT8lWDM5BEMynUqX65A==",
      "dev": true,
      "license": "MIT",
      "optional": true,
      "dependencies": {
        "tslib": "^2.4.0"
      }
    },
    "node_modules/@types/chai": {
      "version": "5.2.3",
      "resolved": "https://registry.npmjs.org/@types/chai/-/chai-5.2.3.tgz",
      "integrity": "sha512-Mw558oeA9fFbv65/y4mHtXDs9bPnFMZAL/jxdPFUpOHHIXX91mcgEHbS5Lahr+pwZFR8A7GQleRWeI6cGFC2UA==",
      "dev": true,
      "license": "MIT",
      "dependencies": {
        "@types/deep-eql": "*",
        "assertion-error": "^2.0.1"
      }
    },
    "node_modules/@types/deep-eql": {
      "version": "4.0.2",
      "resolved": "https://registry.npmjs.org/@types/deep-eql/-/deep-eql-4.0.2.tgz",
      "integrity": "sha512-c9h9dVVMigMPc4bwTvC5dxqtqJZwQPePsWjPlpSOnojbor6pGqdk541lfA7AqFQr5pB1BRdq0juY9db81BwyFw==",
      "dev": true,
      "license": "MIT"
    },
    "node_modules/@types/node": {
      "version": "24.13.4",
      "resolved": "https://registry.npmjs.org/@types/node/-/node-24.13.4.tgz",
      "integrity": "sha512-YJ7EqCstVTzIr0fMr7qul/977en+pQHrfmuKIo6Zr9i75Be21dr3MovcfvGtyvi2HAUrRerWps5sMO9I7WaxDw==",
      "dev": true,
      "license": "MIT",
      "dependencies": {
        "undici-types": "~7.18.0"
      }
    },
    "node_modules/allure-js-commons": {
      "version": "3.12.1",
      "resolved": "https://registry.npmjs.org/allure-js-commons/-/allure-js-commons-3.12.1.tgz",
      "integrity": "sha512-w5G2CVNNwe/aEZxQwHGtRXnXXdvXr/tJCKY4kn3ZmVkpsp/6YCtJL6qV/PqLtNtyrS0WgWbxYdNvFitCB35mHw==",
      "license": "Apache-2.0",
      "dependencies": {
        "md5": "^2.3.0"
      },
      "peerDependencies": {
        "allure-playwright": "3.12.1"
      },
      "peerDependenciesMeta": {
        "allure-playwright": {
          "optional": true
        }
      }
    },
    "node_modules/assertion-error": {
      "version": "2.0.1",
      "resolved": "https://registry.npmjs.org/assertion-error/-/assertion-error-2.0.1.tgz",
      "integrity": "sha512-Izi8RQcffqCeNVgFigKli1ssklIbpHnCYc6AknXGYoB6grJqyeby7jv12JUQgmTAnIDnbck1uxksT4dzN3PWBA==",
      "dev": true,
      "license": "MIT",
      "engines": {
        "node": ">=12"
      }
    },
    "node_modules/charenc": {
      "version": "0.0.2",
      "resolved": "https://registry.npmjs.org/charenc/-/charenc-0.0.2.tgz",
      "integrity": "sha512-yrLQ/yVUFXkzg7EDQsPieE/53+0RlaWTs+wBrvW36cyilJ2SaDWfl4Yj7MtLTXleV9uEKefbAGUPv2/iWSooRA==",
      "license": "BSD-3-Clause",
      "engines": {
        "node": "*"
      }
    },
    "node_modules/crypt": {
      "version": "0.0.2",
      "resolved": "https://registry.npmjs.org/crypt/-/crypt-0.0.2.tgz",
      "integrity": "sha512-mCxBlsHFYh9C+HVpiEacem8FEBnMXgU9gy4zmNC+SXAZNB/1idgp/aulFJ4FgCi7GPEVbfyng092GqL2k2rmow==",
      "license": "BSD-3-Clause",
      "engines": {
        "node": "*"
      }
    },
    "node_modules/is-buffer": {
      "version": "1.1.6",
      "resolved": "https://registry.npmjs.org/is-buffer/-/is-buffer-1.1.6.tgz",
      "integrity": "sha512-NcdALwpXkTm5Zvvbk7owOUSvVvBKDgKP5/ewfXEznmQFfs4ZRmanOeKBTjRVjka3QFoN6XJ+9F3USqfHqTaU5w==",
      "license": "MIT"
    },
    "node_modules/md5": {
      "version": "2.3.0",
      "resolved": "https://registry.npmjs.org/md5/-/md5-2.3.0.tgz",
      "integrity": "sha512-T1GITYmFaKuO91vxyoQMFETst+O71VUPEU3ze5GNzDm0OWdP8v1ziTaAEPUr/3kLsY3Sftgz242A1SetQiDL7g==",
      "license": "BSD-3-Clause",
      "dependencies": {
        "charenc": "0.0.2",
        "crypt": "0.0.2",
        "is-buffer": "~1.1.6"
      }
    },
    "node_modules/picomatch": {
      "version": "4.0.7",
      "resolved": "https://registry.npmjs.org/picomatch/-/picomatch-4.0.7.tgz",
      "integrity": "sha512-qcJu88Q2IWqJsDD529JKMdwGm/dvInW4HvQnRwiH9JtihJvzGOscDtHE3x1pBKeUOTysQ8kVmLnJ2kJu7yhcGA==",
      "dev": true,
      "license": "MIT",
      "engines": {
        "node": ">=12"
      },
      "funding": {
        "url": "https://github.com/sponsors/jonschlinkert"
      }
    },
    "node_modules/prettier": {
      "version": "3.9.6",
      "resolved": "https://registry.npmjs.org/prettier/-/prettier-3.9.6.tgz",
      "integrity": "sha512-OpN0zzVdiaiAhxpuuj5efpIS4sY9j7bY6uR5mnj5yPzGkdkjNKSJeUThPb60Jw29QuAZgA4o+/iB49kFiaBX6g==",
      "dev": true,
      "license": "MIT",
      "bin": {
        "prettier": "bin/prettier.cjs"
      },
      "engines": {
        "node": ">=14"
      },
      "funding": {
        "url": "https://github.com/prettier/prettier?sponsor=1"
      }
    },
    "node_modules/rsbuild-plugin-dts": {
      "version": "1.0.0",
      "resolved": "https://registry.npmjs.org/rsbuild-plugin-dts/-/rsbuild-plugin-dts-1.0.0.tgz",
      "integrity": "sha512-FVoTsiTfSc0LPeSjrVhpvFOBRig0YXJq3Hp+bVxzh9/bzFvODzLRWOEux8q1Phe1oVCIIVSc2+Nb7kDcxIhosw==",
      "dev": true,
      "license": "MIT",
      "dependencies": {
        "@ast-grep/napi": "0.45.2"
      },
      "engines": {
        "node": "^20.19.0 || >=22.12.0"
      },
      "peerDependencies": {
        "@microsoft/api-extractor": "^7",
        "@rsbuild/core": "^2.0.0",
        "typescript": "^5 || ^6 || ^7"
      },
      "peerDependenciesMeta": {
        "@microsoft/api-extractor": {
          "optional": true
        },
        "typescript": {
          "optional": true
        }
      }
    },
    "node_modules/tslib": {
      "version": "2.8.1",
      "resolved": "https://registry.npmjs.org/tslib/-/tslib-2.8.1.tgz",
      "integrity": "sha512-oJFu94HQb+KVduSUQL7wnpmqnfmLsOA/nAh6b6EH0wCEoK0/mPeXU6c3wKDV83MkOuHPRHtSXKKU99IBazS/2w==",
      "dev": true,
      "license": "0BSD"
    },
    "node_modules/typescript": {
      "version": "6.0.3",
      "resolved": "https://registry.npmjs.org/typescript/-/typescript-6.0.3.tgz",
      "integrity": "sha512-y2TvuxSZPDyQakkFRPZHKFm+KKVqIisdg9/CZwm9ftvKXLP8NRWj38/ODjNbr43SsoXqNuAisEf1GdCxqWcdBw==",
      "dev": true,
      "license": "Apache-2.0",
      "bin": {
        "tsc": "bin/tsc",
        "tsserver": "bin/tsserver"
      },
      "engines": {
        "node": ">=14.17"
      }
    },
    "node_modules/undici-types": {
      "version": "7.18.2",
      "resolved": "https://registry.npmjs.org/undici-types/-/undici-types-7.18.2.tgz",
      "integrity": "sha512-AsuCzffGHJybSaRrmr5eHr81mwJU3kjw6M+uprWvCXiNeN9SOGwQ3Jn8jb8m3Z6izVgknn1R0FTCEAP2QrLY/w==",
      "dev": true,
      "license": "MIT"
    }
  }
}
